
Microsoft Visual Studio Solution File, Format Version 12.00
Project("{FAE04EC0-301F-11D3-BF4B-00C04F79EFBC}") = "CMWeb", "CMWeb\CMWeb.csproj", "{B5163710-BD0B-4275-A7E5-1A17FC2C137D}"
EndProject
Global
	GlobalSection(SolutionConfigurationPlatforms) = preSolution
		Debug|Any CPU = Debug|Any CPU
		Release|Any CPU = Release|Any CPU
	EndGlobalSection
	GlobalSection(ProjectConfigurationPlatforms) = postSolution
		{B5163710-BD0B-4275-A7E5-1A17FC2C137D}.Debug|Any CPU.ActiveCfg = Debug|Any CPU
		{B5163710-BD0B-4275-A7E5-1A17FC2C137D}.Debug|Any CPU.Build.0 = Debug|Any CPU
		{B5163710-BD0B-4275-A7E5-1A17FC2C137D}.Release|Any CPU.ActiveCfg = Release|Any CPU
		{B5163710-BD0B-4275-A7E5-1A17FC2C137D}.Release|Any CPU.Build.0 = Release|Any CPU
	EndGlobalSection
EndGlobal
